
Microsoft Visual Studio Solution File, Format Version 12.00
# Visual Studio 15
VisualStudioVersion = 15.0.28307.779
MinimumVisualStudioVersion = 10.0.40219.1
Project("{FAE04EC0-301F-11D3-BF4B-00C04F79EFBC}") = "BlogAppWithMVC", "BlogAppWithMVC\BlogAppWithMVC.csproj", "{563D4845-3C33-47CD-8342-BB0D3C0DF3E3}"
EndProject
Global
	GlobalSection(SolutionConfigurationPlatforms) = preSolution
		Debug|Any CPU = Debug|Any CPU
		Release|Any CPU = Release|Any CPU
	EndGlobalSection
	GlobalSection(ProjectConfigurationPlatforms) = postSolution
		{563D4845-3C33-47CD-8342-BB0D3C0DF3E3}.Debug|Any CPU.ActiveCfg = Debug|Any CPU
		{563D4845-3C33-47CD-8342-BB0D3C0DF3E3}.Debug|Any CPU.Build.0 = Debug|Any CPU
		{563D4845-3C33-47CD-8342-BB0D3C0DF3E3}.Release|Any CPU.ActiveCfg = Release|Any CPU
		{563D4845-3C33-47CD-8342-BB0D3C0DF3E3}.Release|Any CPU.Build.0 = Release|Any CPU
	EndGlobalSection
	GlobalSection(SolutionProperties) = preSolution
		HideSolutionNode = FALSE
	EndGlobalSection
	GlobalSection(ExtensibilityGlobals) = postSolution
		SolutionGuid = {1A128530-3DED-410E-B0EE-302D27371C73}
	EndGlobalSection
EndGlobal
